
Microsoft Visual Studio Solution File, Format Version 12.00
# Visual Studio 15
VisualStudioVersion = 15.0.28010.2026
MinimumVisualStudioVersion = 10.0.40219.1
Project("{FAE04EC0-301F-11D3-BF4B-00C04F79EFBC}") = "EncryptFile", "VirusWinForm\EncryptFile.csproj", "{2731BA0A-7886-4A90-9DDB-67AFE8653EDF}"
EndProject
Global
	GlobalSection(SolutionConfigurationPlatforms) = preSolution
		Debug|Any CPU = Debug|Any CPU
		Release|Any CPU = Release|Any CPU
	EndGlobalSection
	GlobalSection(ProjectConfigurationPlatforms) = postSolution
		{2731BA0A-7886-4A90-9DDB-67AFE8653EDF}.Debug|Any CPU.ActiveCfg = Debug|Any CPU
		{2731BA0A-7886-4A90-9DDB-67AFE8653EDF}.Debug|Any CPU.Build.0 = Debug|Any CPU
		{2731BA0A-7886-4A90-9DDB-67AFE8653EDF}.Release|Any CPU.ActiveCfg = Release|Any CPU
		{2731BA0A-7886-4A90-9DDB-67AFE8653EDF}.Release|Any CPU.Build.0 = Release|Any CPU
	EndGlobalSection
	GlobalSection(SolutionProperties) = preSolution
		HideSolutionNode = FALSE
	EndGlobalSection
	GlobalSection(ExtensibilityGlobals) = postSolution
		SolutionGuid = {F9324477-5EBE-47A2-A43F-BB939D1A47DF}
	EndGlobalSection
EndGlobal
